<?xml version="1.0" encoding="utf-8"?>
<Project ToolsVersion="4.0" xmlns="http://schemas.microsoft.com/developer/msbuild/2003">
  <ItemGroup>
    <Filter Include="ApollonianGE">
      <UniqueIdentifier>{1E179218-0A7A-21BD-B3FF-59739F41ED3F}</UniqueIdentifier>
    </Filter>
    <Filter Include="ApollonianGE\Events">
      <UniqueIdentifier>{42D59EE5-AE36-7CF3-37A4-C2A5A304B3B2}</UniqueIdentifier>
    </Filter>
    <Filter Include="Platform">
      <UniqueIdentifier>{2AC788B4-1694-E3BF-3FAD-D1672BD9184E}</UniqueIdentifier>
    </Filter>
    <Filter Include="Platform\Windows">
      <UniqueIdentifier>{64FBD71A-50F4-F66C-7926-DCF1657ED678}</UniqueIdentifier>
    </Filter>
  </ItemGroup>
  <ItemGroup>
    <ClInclude Include="src\ApollonianGE.h" />
    <ClInclude Include="src\ApollonianGE\Application.h">
      <Filter>ApollonianGE</Filter>
    </ClInclude>
    <ClInclude Include="src\ApollonianGE\Core.h">
      <Filter>ApollonianGE</Filter>
    </ClInclude>
    <ClInclude Include="src\ApollonianGE\EntryPoint.h">
      <Filter>ApollonianGE</Filter>
    </ClInclude>
    <ClInclude Include="src\ApollonianGE\Events\ApplicationEvent.h">
      <Filter>ApollonianGE\Events</Filter>
    </ClInclude>
    <ClInclude Include="src\ApollonianGE\Events\Event.h">
      <Filter>ApollonianGE\Events</Filter>
    </ClInclude>
    <ClInclude Include="src\ApollonianGE\Events\KeyEvent.h">
      <Filter>ApollonianGE\Events</Filter>
    </ClInclude>
    <ClInclude Include="src\ApollonianGE\Events\MouseEvent.h">
      <Filter>ApollonianGE\Events</Filter>
    </ClInclude>
    <ClInclude Include="src\ApollonianGE\Layer.h">
      <Filter>ApollonianGE</Filter>
    </ClInclude>
    <ClInclude Include="src\ApollonianGE\LayerStack.h">
      <Filter>ApollonianGE</Filter>
    </ClInclude>
    <ClInclude Include="src\ApollonianGE\Log.h">
      <Filter>ApollonianGE</Filter>
    </ClInclude>
    <ClInclude Include="src\ApollonianGE\Window.h">
      <Filter>ApollonianGE</Filter>
    </ClInclude>
    <ClInclude Include="src\Platform\Windows\WindowsWindow.h">
      <Filter>Platform\Windows</Filter>
    </ClInclude>
    <ClInclude Include="src\agezpch.h" />
  </ItemGroup>
  <ItemGroup>
    <ClCompile Include="src\ApollonianGE\Application.cpp">
      <Filter>ApollonianGE</Filter>
    </ClCompile>
    <ClCompile Include="src\ApollonianGE\LayerStack.cpp">
      <Filter>ApollonianGE</Filter>
    </ClCompile>
    <ClCompile Include="src\ApollonianGE\Log.cpp">
      <Filter>ApollonianGE</Filter>
    </ClCompile>
    <ClCompile Include="src\Layer.cpp" />
    <ClCompile Include="src\Platform\Windows\WindowsWindow.cpp">
      <Filter>Platform\Windows</Filter>
    </ClCompile>
    <ClCompile Include="src\agezpch.cpp" />
  </ItemGroup>
</Project>